// !$*UTF8*$!
{
	archiveVersion = 1;
	classes = {
	};
	objectVersion = 50;
	objects = {

/* Begin PBXBuildFile section */
		5475918D258DE69E008E865C /* ThirdData.swift in Sources */ = {isa = PBXBuildFile; fileRef = 5475918C258DE69E008E865C /* ThirdData.swift */; };
		54759190258DE6D4008E865C /* FourthData.swift in Sources */ = {isa = PBXBuildFile; fileRef = 5475918F258DE6D4008E865C /* FourthData.swift */; };
		54759193258DE72C008E865C /* FifthData.swift in Sources */ = {isa = PBXBuildFile; fileRef = 54759192258DE72C008E865C /* FifthData.swift */; };
		54759196258DE764008E865C /* SixthData.swift in Sources */ = {isa = PBXBuildFile; fileRef = 54759195258DE764008E865C /* SixthData.swift */; };
		5475919E258DFF61008E865C /* MoodTableViewCell.swift in Sources */ = {isa = PBXBuildFile; fileRef = 5475919C258DFF61008E865C /* MoodTableViewCell.swift */; };
		5475919F258DFF61008E865C /* MoodTableViewCell.xib in Resources */ = {isa = PBXBuildFile; fileRef = 5475919D258DFF61008E865C /* MoodTableViewCell.xib */; };
		548F69462570F435006B351E /* BigRectangleCell.swift in Sources */ = {isa = PBXBuildFile; fileRef = 548F69452570F435006B351E /* BigRectangleCell.swift */; };
		548F694C2570F496006B351E /* MiddleSquareCell.swift in Sources */ = {isa = PBXBuildFile; fileRef = 548F694A2570F495006B351E /* MiddleSquareCell.swift */; };
		548F694D2570F496006B351E /* MiddleSquareCell.xib in Resources */ = {isa = PBXBuildFile; fileRef = 548F694B2570F496006B351E /* MiddleSquareCell.xib */; };
		5492EDBC256D69680032FB4C /* AppDelegate.swift in Sources */ = {isa = PBXBuildFile; fileRef = 5492EDBB256D69680032FB4C /* AppDelegate.swift */; };
		5492EDBE256D69680032FB4C /* SceneDelegate.swift in Sources */ = {isa = PBXBuildFile; fileRef = 5492EDBD256D69680032FB4C /* SceneDelegate.swift */; };
		5492EDC0256D69680032FB4C /* ViewController.swift in Sources */ = {isa = PBXBuildFile; fileRef = 5492EDBF256D69680032FB4C /* ViewController.swift */; };
		5492EDC3256D69680032FB4C /* Main.storyboard in Resources */ = {isa = PBXBuildFile; fileRef = 5492EDC1256D69680032FB4C /* Main.storyboard */; };
		5492EDC5256D696A0032FB4C /* Assets.xcassets in Resources */ = {isa = PBXBuildFile; fileRef = 5492EDC4256D696A0032FB4C /* Assets.xcassets */; };
		5492EDC8256D696A0032FB4C /* LaunchScreen.storyboard in Resources */ = {isa = PBXBuildFile; fileRef = 5492EDC6256D696A0032FB4C /* LaunchScreen.storyboard */; };
		5494993525750DCE00DC1078 /* AppleMusic.storyboard in Resources */ = {isa = PBXBuildFile; fileRef = 5494993425750DCE00DC1078 /* AppleMusic.storyboard */; };
		5494993825750E2F00DC1078 /* AppleMusicVC.swift in Sources */ = {isa = PBXBuildFile; fileRef = 5494993725750E2F00DC1078 /* AppleMusicVC.swift */; };
		5494993F25750F7300DC1078 /* ExploreTableViewCell.swift in Sources */ = {isa = PBXBuildFile; fileRef = 5494993D25750F7300DC1078 /* ExploreTableViewCell.swift */; };
		5494994025750F7300DC1078 /* ExploreTableViewCell.xib in Resources */ = {isa = PBXBuildFile; fileRef = 5494993E25750F7300DC1078 /* ExploreTableViewCell.xib */; };
		5494994E25751A8900DC1078 /* NewSongTableViewCell.swift in Sources */ = {isa = PBXBuildFile; fileRef = 5494994C25751A8900DC1078 /* NewSongTableViewCell.swift */; };
		5494994F25751A8900DC1078 /* NewSongTableViewCell.xib in Resources */ = {isa = PBXBuildFile; fileRef = 5494994D25751A8900DC1078 /* NewSongTableViewCell.xib */; };
		5494995325751D6100DC1078 /* SecondData.swift in Sources */ = {isa = PBXBuildFile; fileRef = 5494995225751D6100DC1078 /* SecondData.swift */; };
		54C3E57925726B2C00E1D455 /* BigRectangle.swift in Sources */ = {isa = PBXBuildFile; fileRef = 54C3E57825726B2C00E1D455 /* BigRectangle.swift */; };
		54C3E57E25726CE600E1D455 /* MiddleSquare.swift in Sources */ = {isa = PBXBuildFile; fileRef = 54C3E57D25726CE600E1D455 /* MiddleSquare.swift */; };
		54C3E581257272F000E1D455 /* BigRectangleCell.xib in Resources */ = {isa = PBXBuildFile; fileRef = 548F69422570F400006B351E /* BigRectangleCell.xib */; };
		54C3E5862572A1A400E1D455 /* SmallRectangleCell.swift in Sources */ = {isa = PBXBuildFile; fileRef = 54C3E5842572A1A400E1D455 /* SmallRectangleCell.swift */; };
		54C3E5872572A1A400E1D455 /* SmallRectangleCell.xib in Resources */ = {isa = PBXBuildFile; fileRef = 54C3E5852572A1A400E1D455 /* SmallRectangleCell.xib */; };
		54C3E58B2572A23000E1D455 /* SmallRectangle.swift in Sources */ = {isa = PBXBuildFile; fileRef = 54C3E58A2572A23000E1D455 /* SmallRectangle.swift */; };
		54C3E58F2573665000E1D455 /* TableShapeCell.swift in Sources */ = {isa = PBXBuildFile; fileRef = 54C3E58D2573665000E1D455 /* TableShapeCell.swift */; };
		54C3E5902573665000E1D455 /* TableShapeCell.xib in Resources */ = {isa = PBXBuildFile; fileRef = 54C3E58E2573665000E1D455 /* TableShapeCell.xib */; };
		54C3E59D2573977B00E1D455 /* TableShape.swift in Sources */ = {isa = PBXBuildFile; fileRef = 54C3E59C2573977B00E1D455 /* TableShape.swift */; };
		54C3E5A125739FF200E1D455 /* UIColor+Extension.swift in Sources */ = {isa = PBXBuildFile; fileRef = 54C3E5A025739FF200E1D455 /* UIColor+Extension.swift */; };
		54C3E5A52573F5C900E1D455 /* FirstData.swift in Sources */ = {isa = PBXBuildFile; fileRef = 54C3E5A42573F5C900E1D455 /* FirstData.swift */; };
/* End PBXBuildFile section */

/* Begin PBXFileReference section */
		5475918C258DE69E008E865C /* ThirdData.swift */ = {isa = PBXFileReference; lastKnownFileType = sourcecode.swift; path = ThirdData.swift; sourceTree = "<group>"; };
		5475918F258DE6D4008E865C /* FourthData.swift */ = {isa = PBXFileReference; lastKnownFileType = sourcecode.swift; path = FourthData.swift; sourceTree = "<group>"; };
		54759192258DE72C008E865C /* FifthData.swift */ = {isa = PBXFileReference; lastKnownFileType = sourcecode.swift; path = FifthData.swift; sourceTree = "<group>"; };
		54759195258DE764008E865C /* SixthData.swift */ = {isa = PBXFileReference; lastKnownFileType = sourcecode.swift; path = SixthData.swift; sourceTree = "<group>"; };
		5475919C258DFF61008E865C /* MoodTableViewCell.swift */ = {isa = PBXFileReference; lastKnownFileType = sourcecode.swift; path = MoodTableViewCell.swift; sourceTree = "<group>"; };
		5475919D258DFF61008E865C /* MoodTableViewCell.xib */ = {isa = PBXFileReference; lastKnownFileType = file.xib; path = MoodTableViewCell.xib; sourceTree = "<group>"; };
		548F69422570F400006B351E /* BigRectangleCell.xib */ = {isa = PBXFileReference; lastKnownFileType = file.xib; path = BigRectangleCell.xib; sourceTree = "<group>"; };
		548F69452570F435006B351E /* BigRectangleCell.swift */ = {isa = PBXFileReference; lastKnownFileType = sourcecode.swift; path = BigRectangleCell.swift; sourceTree = "<group>"; };
		548F694A2570F495006B351E /* MiddleSquareCell.swift */ = {isa = PBXFileReference; lastKnownFileType = sourcecode.swift; name = MiddleSquareCell.swift; path = AppleMusic/Cells/Collection/MiddleSquareCell.swift; sourceTree = SOURCE_ROOT; };
		548F694B2570F496006B351E /* MiddleSquareCell.xib */ = {isa = PBXFileReference; lastKnownFileType = file.xib; name = MiddleSquareCell.xib; path = AppleMusic/Cells/xibs/CollectionCell/MiddleSquareCell.xib; sourceTree = SOURCE_ROOT; };
		5492EDB8256D69680032FB4C /* AppleMusic.app */ = {isa = PBXFileReference; explicitFileType = wrapper.application; includeInIndex = 0; path = AppleMusic.app; sourceTree = BUILT_PRODUCTS_DIR; };
		5492EDBB256D69680032FB4C /* AppDelegate.swift */ = {isa = PBXFileReference; lastKnownFileType = sourcecode.swift; path = AppDelegate.swift; sourceTree = "<group>"; };
		5492EDBD256D69680032FB4C /* SceneDelegate.swift */ = {isa = PBXFileReference; lastKnownFileType = sourcecode.swift; path = SceneDelegate.swift; sourceTree = "<group>"; };
		5492EDBF256D69680032FB4C /* ViewController.swift */ = {isa = PBXFileReference; lastKnownFileType = sourcecode.swift; path = ViewController.swift; sourceTree = "<group>"; };
		5492EDC2256D69680032FB4C /* Base */ = {isa = PBXFileReference; lastKnownFileType = file.storyboard; name = Base; path = Base.lproj/Main.storyboard; sourceTree = "<group>"; };
		5492EDC4256D696A0032FB4C /* Assets.xcassets */ = {isa = PBXFileReference; lastKnownFileType = folder.assetcatalog; path = Assets.xcassets; sourceTree = "<group>"; };
		5492EDC7256D696A0032FB4C /* Base */ = {isa = PBXFileReference; lastKnownFileType = file.storyboard; name = Base; path = Base.lproj/LaunchScreen.storyboard; sourceTree = "<group>"; };
		5492EDC9256D696A0032FB4C /* Info.plist */ = {isa = PBXFileReference; lastKnownFileType = text.plist.xml; path = Info.plist; sourceTree = "<group>"; };
		5494993425750DCE00DC1078 /* AppleMusic.storyboard */ = {isa = PBXFileReference; lastKnownFileType = file.storyboard; path = AppleMusic.storyboard; sourceTree = "<group>"; };
		5494993725750E2F00DC1078 /* AppleMusicVC.swift */ = {isa = PBXFileReference; lastKnownFileType = sourcecode.swift; path = AppleMusicVC.swift; sourceTree = "<group>"; };
		5494993D25750F7300DC1078 /* ExploreTableViewCell.swift */ = {isa = PBXFileReference; lastKnownFileType = sourcecode.swift; path = ExploreTableViewCell.swift; sourceTree = "<group>"; };
		5494993E25750F7300DC1078 /* ExploreTableViewCell.xib */ = {isa = PBXFileReference; lastKnownFileType = file.xib; path = ExploreTableViewCell.xib; sourceTree = "<group>"; };
		5494994C25751A8900DC1078 /* NewSongTableViewCell.swift */ = {isa = PBXFileReference; lastKnownFileType = sourcecode.swift; name = NewSongTableViewCell.swift; path = ../Collection/NewSongTableViewCell.swift; sourceTree = "<group>"; };
		5494994D25751A8900DC1078 /* NewSongTableViewCell.xib */ = {isa = PBXFileReference; lastKnownFileType = file.xib; path = NewSongTableViewCell.xib; sourceTree = "<group>"; };
		5494995225751D6100DC1078 /* SecondData.swift */ = {isa = PBXFileReference; lastKnownFileType = sourcecode.swift; path = SecondData.swift; sourceTree = "<group>"; };
		54C3E57825726B2C00E1D455 /* BigRectangle.swift */ = {isa = PBXFileReference; lastKnownFileType = sourcecode.swift; path = BigRectangle.swift; sourceTree = "<group>"; };
		54C3E57D25726CE600E1D455 /* MiddleSquare.swift */ = {isa = PBXFileReference; lastKnownFileType = sourcecode.swift; path = MiddleSquare.swift; sourceTree = "<group>"; };
		54C3E5842572A1A400E1D455 /* SmallRectangleCell.swift */ = {isa = PBXFileReference; lastKnownFileType = sourcecode.swift; path = SmallRectangleCell.swift; sourceTree = "<group>"; };
		54C3E5852572A1A400E1D455 /* SmallRectangleCell.xib */ = {isa = PBXFileReference; lastKnownFileType = file.xib; path = SmallRectangleCell.xib; sourceTree = "<group>"; };
		54C3E58A2572A23000E1D455 /* SmallRectangle.swift */ = {isa = PBXFileReference; lastKnownFileType = sourcecode.swift; path = SmallRectangle.swift; sourceTree = "<group>"; };
		54C3E58D2573665000E1D455 /* TableShapeCell.swift */ = {isa = PBXFileReference; lastKnownFileType = sourcecode.swift; path = TableShapeCell.swift; sourceTree = "<group>"; };
		54C3E58E2573665000E1D455 /* TableShapeCell.xib */ = {isa = PBXFileReference; lastKnownFileType = file.xib; path = TableShapeCell.xib; sourceTree = "<group>"; };
		54C3E59C2573977B00E1D455 /* TableShape.swift */ = {isa = PBXFileReference; lastKnownFileType = sourcecode.swift; path = TableShape.swift; sourceTree = "<group>"; };
		54C3E5A025739FF200E1D455 /* UIColor+Extension.swift */ = {isa = PBXFileReference; lastKnownFileType = sourcecode.swift; path = "UIColor+Extension.swift"; sourceTree = "<group>"; };
		54C3E5A42573F5C900E1D455 /* FirstData.swift */ = {isa = PBXFileReference; lastKnownFileType = sourcecode.swift; path = FirstData.swift; sourceTree = "<group>"; };
/* End PBXFileReference section */

/* Begin PBXFrameworksBuildPhase section */
		5492EDB5256D69680032FB4C /* Frameworks */ = {
			isa = PBXFrameworksBuildPhase;
			buildActionMask = 2147483647;
			files = (
			);
			runOnlyForDeploymentPostprocessing = 0;
		};
/* End PBXFrameworksBuildPhase section */

/* Begin PBXGroup section */
		548F69482570F43A006B351E /* Cells */ = {
			isa = PBXGroup;
			children = (
				549499462575107400DC1078 /* Table */,
				549499452575106C00DC1078 /* Collection */,
				548F69492570F44A006B351E /* xibs */,
			);
			path = Cells;
			sourceTree = "<group>";
		};
		548F69492570F44A006B351E /* xibs */ = {
			isa = PBXGroup;
			children = (
				549499442575105200DC1078 /* TableCell */,
				549499432575104400DC1078 /* CollectionCell */,
			);
			path = xibs;
			sourceTree = "<group>";
		};
		5492EDAF256D69680032FB4C = {
			isa = PBXGroup;
			children = (
				5492EDBA256D69680032FB4C /* AppleMusic */,
				5492EDB9256D69680032FB4C /* Products */,
			);
			sourceTree = "<group>";
		};
		5492EDB9256D69680032FB4C /* Products */ = {
			isa = PBXGroup;
			children = (
				5492EDB8256D69680032FB4C /* AppleMusic.app */,
			);
			name = Products;
			sourceTree = "<group>";
		};
		5492EDBA256D69680032FB4C /* AppleMusic */ = {
			isa = PBXGroup;
			children = (
				54C3E57C25726C4600E1D455 /* Supporting File */,
				5494993B25750E4200DC1078 /* Storyboards */,
				5494993A25750E3500DC1078 /* VC */,
				54C3E5A32573F5AB00E1D455 /* FakeData */,
				54C3E57B25726B8D00E1D455 /* Source */,
				548F69482570F43A006B351E /* Cells */,
				5492EDC9256D696A0032FB4C /* Info.plist */,
			);
			path = AppleMusic;
			sourceTree = "<group>";
		};
		5494993A25750E3500DC1078 /* VC */ = {
			isa = PBXGroup;
			children = (
				5492EDBF256D69680032FB4C /* ViewController.swift */,
				5494993725750E2F00DC1078 /* AppleMusicVC.swift */,
			);
			path = VC;
			sourceTree = "<group>";
		};
		5494993B25750E4200DC1078 /* Storyboards */ = {
			isa = PBXGroup;
			children = (
				5492EDC1256D69680032FB4C /* Main.storyboard */,
				5494993425750DCE00DC1078 /* AppleMusic.storyboard */,
			);
			path = Storyboards;
			sourceTree = "<group>";
		};
		549499432575104400DC1078 /* CollectionCell */ = {
			isa = PBXGroup;
			children = (
				548F69422570F400006B351E /* BigRectangleCell.xib */,
				548F694B2570F496006B351E /* MiddleSquareCell.xib */,
				54C3E5852572A1A400E1D455 /* SmallRectangleCell.xib */,
				54C3E58E2573665000E1D455 /* TableShapeCell.xib */,
			);
			path = CollectionCell;
			sourceTree = "<group>";
		};
		549499442575105200DC1078 /* TableCell */ = {
			isa = PBXGroup;
			children = (
				5494994D25751A8900DC1078 /* NewSongTableViewCell.xib */,
				5494993E25750F7300DC1078 /* ExploreTableViewCell.xib */,
				5475919D258DFF61008E865C /* MoodTableViewCell.xib */,
			);
			path = TableCell;
			sourceTree = "<group>";
		};
		549499452575106C00DC1078 /* Collection */ = {
			isa = PBXGroup;
			children = (
				548F69452570F435006B351E /* BigRectangleCell.swift */,
				54C3E58D2573665000E1D455 /* TableShapeCell.swift */,
				54C3E5842572A1A400E1D455 /* SmallRectangleCell.swift */,
				548F694A2570F495006B351E /* MiddleSquareCell.swift */,
			);
			path = Collection;
			sourceTree = "<group>";
		};
		549499462575107400DC1078 /* Table */ = {
			isa = PBXGroup;
			children = (
				5494993D25750F7300DC1078 /* ExploreTableViewCell.swift */,
				5494994C25751A8900DC1078 /* NewSongTableViewCell.swift */,
				5475919C258DFF61008E865C /* MoodTableViewCell.swift */,
			);
			path = Table;
			sourceTree = "<group>";
		};
		54C3E57B25726B8D00E1D455 /* Source */ = {
			isa = PBXGroup;
			children = (
				54C3E57825726B2C00E1D455 /* BigRectangle.swift */,
				54C3E57D25726CE600E1D455 /* MiddleSquare.swift */,
				54C3E58A2572A23000E1D455 /* SmallRectangle.swift */,
				54C3E59C2573977B00E1D455 /* TableShape.swift */,
			);
			path = Source;
			sourceTree = "<group>";
		};
		54C3E57C25726C4600E1D455 /* Supporting File */ = {
			isa = PBXGroup;
			children = (
				54C3E59F25739FD200E1D455 /* Extension */,
				5492EDBB256D69680032FB4C /* AppDelegate.swift */,
				5492EDBD256D69680032FB4C /* SceneDelegate.swift */,
				5492EDC4256D696A0032FB4C /* Assets.xcassets */,
				5492EDC6256D696A0032FB4C /* LaunchScreen.storyboard */,
			);
			path = "Supporting File";
			sourceTree = "<group>";
		};
		54C3E59F25739FD200E1D455 /* Extension */ = {
			isa = PBXGroup;
			children = (
				54C3E5A025739FF200E1D455 /* UIColor+Extension.swift */,
			);
			path = Extension;
			sourceTree = "<group>";
		};
		54C3E5A32573F5AB00E1D455 /* FakeData */ = {
			isa = PBXGroup;
			children = (
				54C3E5A42573F5C900E1D455 /* FirstData.swift */,
				5494995225751D6100DC1078 /* SecondData.swift */,
				5475918C258DE69E008E865C /* ThirdData.swift */,
				5475918F258DE6D4008E865C /* FourthData.swift */,
				54759192258DE72C008E865C /* FifthData.swift */,
				54759195258DE764008E865C /* SixthData.swift */,
			);
			path = FakeData;
			sourceTree = "<group>";
		};
/* End PBXGroup section */

/* Begin PBXNativeTarget section */
		5492EDB7256D69680032FB4C /* AppleMusic */ = {
			isa = PBXNativeTarget;
			buildConfigurationList = 5492EDCC256D696A0032FB4C /* Build configuration list for PBXNativeTarget "AppleMusic" */;
			buildPhases = (
				5492EDB4256D69680032FB4C /* Sources */,
				5492EDB5256D69680032FB4C /* Frameworks */,
				5492EDB6256D69680032FB4C /* Resources */,
			);
			buildRules = (
			);
			dependencies = (
			);
			name = AppleMusic;
			productName = AppleMusic;
			productReference = 5492EDB8256D69680032FB4C /* AppleMusic.app */;
			productType = "com.apple.product-type.application";
		};
/* End PBXNativeTarget section */

/* Begin PBXProject section */
		5492EDB0256D69680032FB4C /* Project object */ = {
			isa = PBXProject;
			attributes = {
				LastSwiftUpdateCheck = 1220;
				LastUpgradeCheck = 1220;
				TargetAttributes = {
					5492EDB7256D69680032FB4C = {
						CreatedOnToolsVersion = 12.2;
					};
				};
			};
			buildConfigurationList = 5492EDB3256D69680032FB4C /* Build configuration list for PBXProject "AppleMusic" */;
			compatibilityVersion = "Xcode 9.3";
			developmentRegion = en;
			hasScannedForEncodings = 0;
			knownRegions = (
				en,
				Base,
			);
			mainGroup = 5492EDAF256D69680032FB4C;
			productRefGroup = 5492EDB9256D69680032FB4C /* Products */;
			projectDirPath = "";
			projectRoot = "";
			targets = (
				5492EDB7256D69680032FB4C /* AppleMusic */,
			);
		};
/* End PBXProject section */

/* Begin PBXResourcesBuildPhase section */
		5492EDB6256D69680032FB4C /* Resources */ = {
			isa = PBXResourcesBuildPhase;
			buildActionMask = 2147483647;
			files = (
				548F694D2570F496006B351E /* MiddleSquareCell.xib in Resources */,
				5494994F25751A8900DC1078 /* NewSongTableViewCell.xib in Resources */,
				5492EDC8256D696A0032FB4C /* LaunchScreen.storyboard in Resources */,
				5492EDC5256D696A0032FB4C /* Assets.xcassets in Resources */,
				5494994025750F7300DC1078 /* ExploreTableViewCell.xib in Resources */,
				5492EDC3256D69680032FB4C /* Main.storyboard in Resources */,
				5475919F258DFF61008E865C /* MoodTableViewCell.xib in Resources */,
				54C3E581257272F000E1D455 /* BigRectangleCell.xib in Resources */,
				54C3E5902573665000E1D455 /* TableShapeCell.xib in Resources */,
				54C3E5872572A1A400E1D455 /* SmallRectangleCell.xib in Resources */,
				5494993525750DCE00DC1078 /* AppleMusic.storyboard in Resources */,
			);
			runOnlyForDeploymentPostprocessing = 0;
		};
/* End PBXResourcesBuildPhase section */

/* Begin PBXSourcesBuildPhase section */
		5492EDB4256D69680032FB4C /* Sources */ = {
			isa = PBXSourcesBuildPhase;
			buildActionMask = 2147483647;
			files = (
				54759190258DE6D4008E865C /* FourthData.swift in Sources */,
				54759193258DE72C008E865C /* FifthData.swift in Sources */,
				5494995325751D6100DC1078 /* SecondData.swift in Sources */,
				548F69462570F435006B351E /* BigRectangleCell.swift in Sources */,
				54C3E5862572A1A400E1D455 /* SmallRectangleCell.swift in Sources */,
				54C3E5A52573F5C900E1D455 /* FirstData.swift in Sources */,
				54C3E57E25726CE600E1D455 /* MiddleSquare.swift in Sources */,
				54C3E5A125739FF200E1D455 /* UIColor+Extension.swift in Sources */,
				5492EDC0256D69680032FB4C /* ViewController.swift in Sources */,
				5494993F25750F7300DC1078 /* ExploreTableViewCell.swift in Sources */,
				5475919E258DFF61008E865C /* MoodTableViewCell.swift in Sources */,
				5492EDBC256D69680032FB4C /* AppDelegate.swift in Sources */,
				5475918D258DE69E008E865C /* ThirdData.swift in Sources */,
				548F694C2570F496006B351E /* MiddleSquareCell.swift in Sources */,
				5494994E25751A8900DC1078 /* NewSongTableViewCell.swift in Sources */,
				54C3E58B2572A23000E1D455 /* SmallRectangle.swift in Sources */,
				54C3E57925726B2C00E1D455 /* BigRectangle.swift in Sources */,
				54C3E58F2573665000E1D455 /* TableShapeCell.swift in Sources */,
				5494993825750E2F00DC1078 /* AppleMusicVC.swift in Sources */,
				5492EDBE256D69680032FB4C /* SceneDelegate.swift in Sources */,
				54759196258DE764008E865C /* SixthData.swift in Sources */,
				54C3E59D2573977B00E1D455 /* TableShape.swift in Sources */,
			);
			runOnlyForDeploymentPostprocessing = 0;
		};
/* End PBXSourcesBuildPhase section */

/* Begin PBXVariantGroup section */
		5492EDC1256D69680032FB4C /* Main.storyboard */ = {
			isa = PBXVariantGroup;
			children = (
				5492EDC2256D69680032FB4C /* Base */,
			);
			name = Main.storyboard;
			sourceTree = "<group>";
		};
		5492EDC6256D696A0032FB4C /* LaunchScreen.storyboard */ = {
			isa = PBXVariantGroup;
			children = (
				5492EDC7256D696A0032FB4C /* Base */,
			);
			name = LaunchScreen.storyboard;
			sourceTree = "<group>";
		};
/* End PBXVariantGroup section */

/* Begin XCBuildConfiguration section */
		5492EDCA256D696A0032FB4C /* Debug */ = {
			isa = XCBuildConfiguration;
			buildSettings = {
				ALWAYS_SEARCH_USER_PATHS = NO;
				CLANG_ANALYZER_NONNULL = YES;
				CLANG_ANALYZER_NUMBER_OBJECT_CONVERSION = YES_AGGRESSIVE;
				CLANG_CXX_LANGUAGE_STANDARD = "gnu++14";
				CLANG_CXX_LIBRARY = "libc++";
				CLANG_ENABLE_MODULES = YES;
				CLANG_ENABLE_OBJC_ARC = YES;
				CLANG_ENABLE_OBJC_WEAK = YES;
				CLANG_WARN_BLOCK_CAPTURE_AUTORELEASING = YES;
				CLANG_WARN_BOOL_CONVERSION = YES;
				CLANG_WARN_COMMA = YES;
				CLANG_WARN_CONSTANT_CONVERSION = YES;
				CLANG_WARN_DEPRECATED_OBJC_IMPLEMENTATIONS = YES;
				CLANG_WARN_DIRECT_OBJC_ISA_USAGE = YES_ERROR;
				CLANG_WARN_DOCUMENTATION_COMMENTS = YES;
				CLANG_WARN_EMPTY_BODY = YES;
				CLANG_WARN_ENUM_CONVERSION = YES;
				CLANG_WARN_INFINITE_RECURSION = YES;
				CLANG_WARN_INT_CONVERSION = YES;
				CLANG_WARN_NON_LITERAL_NULL_CONVERSION = YES;
				CLANG_WARN_OBJC_IMPLICIT_RETAIN_SELF = YES;
				CLANG_WARN_OBJC_LITERAL_CONVERSION = YES;
				CLANG_WARN_OBJC_ROOT_CLASS = YES_ERROR;
				CLANG_WARN_QUOTED_INCLUDE_IN_FRAMEWORK_HEADER = YES;
				CLANG_WARN_RANGE_LOOP_ANALYSIS = YES;
				CLANG_WARN_STRICT_PROTOTYPES = YES;
				CLANG_WARN_SUSPICIOUS_MOVE = YES;
				CLANG_WARN_UNGUARDED_AVAILABILITY = YES_AGGRESSIVE;
				CLANG_WARN_UNREACHABLE_CODE = YES;
				CLANG_WARN__DUPLICATE_METHOD_MATCH = YES;
				COPY_PHASE_STRIP = NO;
				DEBUG_INFORMATION_FORMAT = dwarf;
				ENABLE_STRICT_OBJC_MSGSEND = YES;
				ENABLE_TESTABILITY = YES;
				GCC_C_LANGUAGE_STANDARD = gnu11;
				GCC_DYNAMIC_NO_PIC = NO;
				GCC_NO_COMMON_BLOCKS = YES;
				GCC_OPTIMIZATION_LEVEL = 0;
				GCC_PREPROCESSOR_DEFINITIONS = (
					"DEBUG=1",
					"$(inherited)",
				);
				GCC_WARN_64_TO_32_BIT_CONVERSION = YES;
				GCC_WARN_ABOUT_RETURN_TYPE = YES_ERROR;
				GCC_WARN_UNDECLARED_SELECTOR = YES;
				GCC_WARN_UNINITIALIZED_AUTOS = YES_AGGRESSIVE;
				GCC_WARN_UNUSED_FUNCTION = YES;
				GCC_WARN_UNUSED_VARIABLE = YES;
				IPHONEOS_DEPLOYMENT_TARGET = 14.2;
				MTL_ENABLE_DEBUG_INFO = INCLUDE_SOURCE;
				MTL_FAST_MATH = YES;
				ONLY_ACTIVE_ARCH = YES;
				SDKROOT = iphoneos;
				SWIFT_ACTIVE_COMPILATION_CONDITIONS = DEBUG;
				SWIFT_OPTIMIZATION_LEVEL = "-Onone";
			};
			name = Debug;
		};
		5492EDCB256D696A0032FB4C /* Release */ = {
			isa = XCBuildConfiguration;
			buildSettings = {
				ALWAYS_SEARCH_USER_PATHS = NO;
				CLANG_ANALYZER_NONNULL = YES;
				CLANG_ANALYZER_NUMBER_OBJECT_CONVERSION = YES_AGGRESSIVE;
				CLANG_CXX_LANGUAGE_STANDARD = "gnu++14";
				CLANG_CXX_LIBRARY = "libc++";
				CLANG_ENABLE_MODULES = YES;
				CLANG_ENABLE_OBJC_ARC = YES;
				CLANG_ENABLE_OBJC_WEAK = YES;
				CLANG_WARN_BLOCK_CAPTURE_AUTORELEASING = YES;
				CLANG_WARN_BOOL_CONVERSION = YES;
				CLANG_WARN_COMMA = YES;
				CLANG_WARN_CONSTANT_CONVERSION = YES;
				CLANG_WARN_DEPRECATED_OBJC_IMPLEMENTATIONS = YES;
				CLANG_WARN_DIRECT_OBJC_ISA_USAGE = YES_ERROR;
				CLANG_WARN_DOCUMENTATION_COMMENTS = YES;
				CLANG_WARN_EMPTY_BODY = YES;
				CLANG_WARN_ENUM_CONVERSION = YES;
				CLANG_WARN_INFINITE_RECURSION = YES;
				CLANG_WARN_INT_CONVERSION = YES;
				CLANG_WARN_NON_LITERAL_NULL_CONVERSION = YES;
				CLANG_WARN_OBJC_IMPLICIT_RETAIN_SELF = YES;
				CLANG_WARN_OBJC_LITERAL_CONVERSION = YES;
				CLANG_WARN_OBJC_ROOT_CLASS = YES_ERROR;
				CLANG_WARN_QUOTED_INCLUDE_IN_FRAMEWORK_HEADER = YES;
				CLANG_WARN_RANGE_LOOP_ANALYSIS = YES;
				CLANG_WARN_STRICT_PROTOTYPES = YES;
				CLANG_WARN_SUSPICIOUS_MOVE = YES;
				CLANG_WARN_UNGUARDED_AVAILABILITY = YES_AGGRESSIVE;
				CLANG_WARN_UNREACHABLE_CODE = YES;
				CLANG_WARN__DUPLICATE_METHOD_MATCH = YES;
				COPY_PHASE_STRIP = NO;
				DEBUG_INFORMATION_FORMAT = "dwarf-with-dsym";
				ENABLE_NS_ASSERTIONS = NO;
				ENABLE_STRICT_OBJC_MSGSEND = YES;
				GCC_C_LANGUAGE_STANDARD = gnu11;
				GCC_NO_COMMON_BLOCKS = YES;
				GCC_WARN_64_TO_32_BIT_CONVERSION = YES;
				GCC_WARN_ABOUT_RETURN_TYPE = YES_ERROR;
				GCC_WARN_UNDECLARED_SELECTOR = YES;
				GCC_WARN_UNINITIALIZED_AUTOS = YES_AGGRESSIVE;
				GCC_WARN_UNUSED_FUNCTION = YES;
				GCC_WARN_UNUSED_VARIABLE = YES;
				IPHONEOS_DEPLOYMENT_TARGET = 14.2;
				MTL_ENABLE_DEBUG_INFO = NO;
				MTL_FAST_MATH = YES;
				SDKROOT = iphoneos;
				SWIFT_COMPILATION_MODE = wholemodule;
				SWIFT_OPTIMIZATION_LEVEL = "-O";
				VALIDATE_PRODUCT = YES;
			};
			name = Release;
		};
		5492EDCD256D696A0032FB4C /* Debug */ = {
			isa = XCBuildConfiguration;
			buildSettings = {
				ASSETCATALOG_COMPILER_APPICON_NAME = AppIcon;
				ASSETCATALOG_COMPILER_GLOBAL_ACCENT_COLOR_NAME = AccentColor;
				CODE_SIGN_STYLE = Automatic;
				DEVELOPMENT_TEAM = N8FDQCW52Q;
				INFOPLIST_FILE = AppleMusic/Info.plist;
				LD_RUNPATH_SEARCH_PATHS = (
					"$(inherited)",
					"@executable_path/Frameworks",
				);
				PRODUCT_BUNDLE_IDENTIFIER = wonseok.AppleMusic;
				PRODUCT_NAME = "$(TARGET_NAME)";
				SWIFT_VERSION = 5.0;
				TARGETED_DEVICE_FAMILY = "1,2";
			};
			name = Debug;
		};
		5492EDCE256D696A0032FB4C /* Release */ = {
			isa = XCBuildConfiguration;
			buildSettings = {
				ASSETCATALOG_COMPILER_APPICON_NAME = AppIcon;
				ASSETCATALOG_COMPILER_GLOBAL_ACCENT_COLOR_NAME = AccentColor;
				CODE_SIGN_STYLE = Automatic;
				DEVELOPMENT_TEAM = N8FDQCW52Q;
				INFOPLIST_FILE = AppleMusic/Info.plist;
				LD_RUNPATH_SEARCH_PATHS = (
					"$(inherited)",
					"@executable_path/Frameworks",
				);
				PRODUCT_BUNDLE_IDENTIFIER = wonseok.AppleMusic;
				PRODUCT_NAME = "$(TARGET_NAME)";
				SWIFT_VERSION = 5.0;
				TARGETED_DEVICE_FAMILY = "1,2";
			};
			name = Release;
		};
/* End XCBuildConfiguration section */

/* Begin XCConfigurationList section */
		5492EDB3256D69680032FB4C /* Build configuration list for PBXProject "AppleMusic" */ = {
			isa = XCConfigurationList;
			buildConfigurations = (
				5492EDCA256D696A0032FB4C /* Debug */,
				5492EDCB256D696A0032FB4C /* Release */,
			);
			defaultConfigurationIsVisible = 0;
			defaultConfigurationName = Release;
		};
		5492EDCC256D696A0032FB4C /* Build configuration list for PBXNativeTarget "AppleMusic" */ = {
			isa = XCConfigurationList;
			buildConfigurations = (
				5492EDCD256D696A0032FB4C /* Debug */,
				5492EDCE256D696A0032FB4C /* Release */,
			);
			defaultConfigurationIsVisible = 0;
			defaultConfigurationName = Release;
		};
/* End XCConfigurationList section */
	};
	rootObject = 5492EDB0256D69680032FB4C /* Project object */;
}
